
Microsoft Visual Studio Solution File, Format Version 12.00
# Visual Studio Version 17
VisualStudioVersion = 17.6.33815.320
MinimumVisualStudioVersion = 10.0.40219.1
Project("{FAE04EC0-301F-11D3-BF4B-00C04F79EFBC}") = "GeometriHesaplayici", "GeometriHesaplayici\GeometriHesaplayici.csproj", "{59CF4382-B786-41B7-9699-9789EC1D139D}"
EndProject
Global
	GlobalSection(SolutionConfigurationPlatforms) = preSolution
		Debug|Any CPU = Debug|Any CPU
		Release|Any CPU = Release|Any CPU
	EndGlobalSection
	GlobalSection(ProjectConfigurationPlatforms) = postSolution
		{59CF4382-B786-41B7-9699-9789EC1D139D}.Debug|Any CPU.ActiveCfg = Debug|Any CPU
		{59CF4382-B786-41B7-9699-9789EC1D139D}.Debug|Any CPU.Build.0 = Debug|Any CPU
		{59CF4382-B786-41B7-9699-9789EC1D139D}.Release|Any CPU.ActiveCfg = Release|Any CPU
		{59CF4382-B786-41B7-9699-9789EC1D139D}.Release|Any CPU.Build.0 = Release|Any CPU
	EndGlobalSection
	GlobalSection(SolutionProperties) = preSolution
		HideSolutionNode = FALSE
	EndGlobalSection
	GlobalSection(ExtensibilityGlobals) = postSolution
		SolutionGuid = {683721BB-58A4-4B83-B98D-059B933BD07B}
	EndGlobalSection
EndGlobal
